
Microsoft Visual Studio Solution File, Format Version 12.00
# Visual Studio Version 17
VisualStudioVersion = 17.8.34330.188
MinimumVisualStudioVersion = 10.0.40219.1
Project("{FAE04EC0-301F-11D3-BF4B-00C04F79EFBC}") = "TicketsAppMIJBPWeb", "TicketsAppMIJBPWeb\TicketsAppMIJBPWeb.csproj", "{16BBB4E9-00B4-45BB-AB1E-01298F86FFE1}"
EndProject
Project("{FAE04EC0-301F-11D3-BF4B-00C04F79EFBC}") = "CapaDominio", "CapaDominio\CapaDominio.csproj", "{90563D83-8AB3-4776-BAEE-A141AE87224B}"
EndProject
Project("{FAE04EC0-301F-11D3-BF4B-00C04F79EFBC}") = "CapaInfraestructura", "CapaInfraestructura\CapaInfraestructura.csproj", "{C1C9C805-5FB8-40A3-9F19-5819CC6A0CBA}"
EndProject
Global
	GlobalSection(SolutionConfigurationPlatforms) = preSolution
		Debug|Any CPU = Debug|Any CPU
		Release|Any CPU = Release|Any CPU
	EndGlobalSection
	GlobalSection(ProjectConfigurationPlatforms) = postSolution
		{16BBB4E9-00B4-45BB-AB1E-01298F86FFE1}.Debug|Any CPU.ActiveCfg = Debug|Any CPU
		{16BBB4E9-00B4-45BB-AB1E-01298F86FFE1}.Debug|Any CPU.Build.0 = Debug|Any CPU
		{16BBB4E9-00B4-45BB-AB1E-01298F86FFE1}.Release|Any CPU.ActiveCfg = Release|Any CPU
		{16BBB4E9-00B4-45BB-AB1E-01298F86FFE1}.Release|Any CPU.Build.0 = Release|Any CPU
		{90563D83-8AB3-4776-BAEE-A141AE87224B}.Debug|Any CPU.ActiveCfg = Debug|Any CPU
		{90563D83-8AB3-4776-BAEE-A141AE87224B}.Debug|Any CPU.Build.0 = Debug|Any CPU
		{90563D83-8AB3-4776-BAEE-A141AE87224B}.Release|Any CPU.ActiveCfg = Release|Any CPU
		{90563D83-8AB3-4776-BAEE-A141AE87224B}.Release|Any CPU.Build.0 = Release|Any CPU
		{C1C9C805-5FB8-40A3-9F19-5819CC6A0CBA}.Debug|Any CPU.ActiveCfg = Debug|Any CPU
		{C1C9C805-5FB8-40A3-9F19-5819CC6A0CBA}.Debug|Any CPU.Build.0 = Debug|Any CPU
		{C1C9C805-5FB8-40A3-9F19-5819CC6A0CBA}.Release|Any CPU.ActiveCfg = Release|Any CPU
		{C1C9C805-5FB8-40A3-9F19-5819CC6A0CBA}.Release|Any CPU.Build.0 = Release|Any CPU
	EndGlobalSection
	GlobalSection(SolutionProperties) = preSolution
		HideSolutionNode = FALSE
	EndGlobalSection
	GlobalSection(ExtensibilityGlobals) = postSolution
		SolutionGuid = {C4564389-F668-493F-87D4-61130FA5213E}
	EndGlobalSection
EndGlobal
